schema: '2.0'
stages:
  data_ingestion:
    cmd: ./.venv/bin/python ml_pipelines_with_DVC/src/data_ingestion.py
    deps:
    - path: ml_pipelines_with_DVC/src/data_ingestion.py
      hash: md5
      md5: fb653c61045c7161fc9bf91f0f80dabd
      size: 2185
    outs:
    - path: data/raw/test.csv
      hash: md5
      md5: 9e8fd40dceb7f954cac7b925b0c17783
      size: 196306
    - path: data/raw/train.csv
      hash: md5
      md5: 0a781ce1bdaba1a4f4dfe7948ada4384
      size: 796047
  data_preprocessing:
    cmd: ./.venv/bin/python ml_pipelines_with_DVC/src/data_preprocessing.py
    deps:
    - path: data/raw/test.csv
      hash: md5
      md5: 9e8fd40dceb7f954cac7b925b0c17783
      size: 196306
    - path: data/raw/train.csv
      hash: md5
      md5: 0a781ce1bdaba1a4f4dfe7948ada4384
      size: 796047
    - path: ml_pipelines_with_DVC/src/data_preprocessing.py
      hash: md5
      md5: 8e003113f870d071d8f52f1ae764faae
      size: 2568
    outs:
    - path: data/processed/test_processed.csv
      hash: md5
      md5: 5bf0f5ddb6bc824f568b7c74a9e2928b
      size: 133294
    - path: data/processed/train_processed.csv
      hash: md5
      md5: 2112869eab84e2fd7e98af26e8580d7e
      size: 539014
  feature_engineering:
    cmd: ./.venv/bin/python ml_pipelines_with_DVC/src/feature_engineering.py
    deps:
    - path: data/processed/test_processed.csv
      hash: md5
      md5: e92189f61b06be6eab4e25bff73ad775
      size: 110580
    - path: data/processed/train_processed.csv
      hash: md5
      md5: 578781bf7e32a3d9304507a5d6e3ff09
      size: 445254
    - path: ml_pipelines_with_DVC/src/feature_engineering.py
      hash: md5
      md5: ef50f5374e073cc558d9039d1ec71df3
      size: 1366
    outs:
    - path: data/features/test_bow.csv
      hash: md5
      md5: 4fbdd135cff0148895abbbcc53684865
      size: 211796
    - path: data/features/train_bow.csv
      hash: md5
      md5: 0575939b9429b3aee3db45c90b292ab9
      size: 846644
  model_building:
    cmd: ./.venv/bin/python ml_pipelines_with_DVC/src/model_building.py
    deps:
    - path: data/features/train_bow.csv
      hash: md5
      md5: 0575939b9429b3aee3db45c90b292ab9
      size: 846644
    - path: ml_pipelines_with_DVC/src/model_building.py
      hash: md5
      md5: 4665411c4f0b18a0f7830e414eac9755
      size: 661
    outs:
    - path: model.pkl
      hash: md5
      md5: 164d85bcbf74ae2980ae784ee4da5dc1
      size: 72028
  model_evaluation:
    cmd: ./.venv/bin/python ml_pipelines_with_DVC/src/model_evaluation.py
    deps:
    - path: data/features/test_bow.csv
      hash: md5
      md5: 4fbdd135cff0148895abbbcc53684865
      size: 211796
    - path: ml_pipelines_with_DVC/src/model_evaluation.py
      hash: md5
      md5: 22c0f095714ab5e75c69a893d14ffdf8
      size: 1077
    - path: model.pkl
      hash: md5
      md5: 164d85bcbf74ae2980ae784ee4da5dc1
      size: 72028
    outs:
    - path: metrics.json
      hash: md5
      md5: fe09caf092ee9ba62477dbd1d5fd3401
      size: 141
